
Microsoft Visual Studio Solution File, Format Version 12.00
# Visual Studio Version 16
VisualStudioVersion = 16.0.30011.22
MinimumVisualStudioVersion = 10.0.40219.1
Project("{FAE04EC0-301F-11D3-BF4B-00C04F79EFBC}") = "cscomment", "cscomment\cscomment.csproj", "{4F4F6C4D-3F59-4E8A-9443-19EFE643ADCC}"
EndProject
Global
	GlobalSection(SolutionConfigurationPlatforms) = preSolution
		Debug|Any CPU = Debug|Any CPU
		Release|Any CPU = Release|Any CPU
	EndGlobalSection
	GlobalSection(ProjectConfigurationPlatforms) = postSolution
		{4F4F6C4D-3F59-4E8A-9443-19EFE643ADCC}.Debug|Any CPU.ActiveCfg = Debug|Any CPU
		{4F4F6C4D-3F59-4E8A-9443-19EFE643ADCC}.Debug|Any CPU.Build.0 = Debug|Any CPU
		{4F4F6C4D-3F59-4E8A-9443-19EFE643ADCC}.Release|Any CPU.ActiveCfg = Release|Any CPU
		{4F4F6C4D-3F59-4E8A-9443-19EFE643ADCC}.Release|Any CPU.Build.0 = Release|Any CPU
	EndGlobalSection
	GlobalSection(SolutionProperties) = preSolution
		HideSolutionNode = FALSE
	EndGlobalSection
	GlobalSection(ExtensibilityGlobals) = postSolution
		SolutionGuid = {8EFA1295-B124-47FA-9A83-EE079693AFC0}
	EndGlobalSection
EndGlobal
